// !$*UTF8*$!
{
	archiveVersion = 1;
	classes = {
	};
	objectVersion = 54;
	objects = {

/* Begin PBXBuildFile section */
		9B760AC32B810C290025EC90 /* SecondViewController.m in Sources */ = {isa = PBXBuildFile; fileRef = 9B760AC22B810C290025EC90 /* SecondViewController.m */; };
		CE3F231C2B6408510003937E /* AppDelegate.m in Sources */ = {isa = PBXBuildFile; fileRef = CE3F231B2B6408510003937E /* AppDelegate.m */; };
		CE3F231F2B6408510003937E /* SceneDelegate.m in Sources */ = {isa = PBXBuildFile; fileRef = CE3F231E2B6408510003937E /* SceneDelegate.m */; };
		CE3F23222B6408510003937E /* ViewController.m in Sources */ = {isa = PBXBuildFile; fileRef = CE3F23212B6408510003937E /* ViewController.m */; };
		CE3F23252B6408510003937E /* Main.storyboard in Resources */ = {isa = PBXBuildFile; fileRef = CE3F23232B6408510003937E /* Main.storyboard */; };
		CE3F23272B6408920003937E /* Assets.xcassets in Resources */ = {isa = PBXBuildFile; fileRef = CE3F23262B6408920003937E /* Assets.xcassets */; };
		CE3F232A2B6408920003937E /* LaunchScreen.storyboard in Resources */ = {isa = PBXBuildFile; fileRef = CE3F23282B6408920003937E /* LaunchScreen.storyboard */; };
		CE3F232D2B6408920003937E /* main.m in Sources */ = {isa = PBXBuildFile; fileRef = CE3F232C2B6408920003937E /* main.m */; };
		CE3F23362B640C230003937E /* Loader.m in Sources */ = {isa = PBXBuildFile; fileRef = CE3F23352B640C230003937E /* Loader.m */; };
/* End PBXBuildFile section */

/* Begin PBXFileReference section */
		9B760AC12B810C290025EC90 /* SecondViewController.h */ = {isa = PBXFileReference; lastKnownFileType = sourcecode.c.h; path = SecondViewController.h; sourceTree = "<group>"; };
		9B760AC22B810C290025EC90 /* SecondViewController.m */ = {isa = PBXFileReference; lastKnownFileType = sourcecode.c.objc; path = SecondViewController.m; sourceTree = "<group>"; };
		CE3F23172B6408510003937E /* Lesson5.app */ = {isa = PBXFileReference; explicitFileType = wrapper.application; includeInIndex = 0; path = Lesson5.app; sourceTree = BUILT_PRODUCTS_DIR; };
		CE3F231A2B6408510003937E /* AppDelegate.h */ = {isa = PBXFileReference; lastKnownFileType = sourcecode.c.h; path = AppDelegate.h; sourceTree = "<group>"; };
		CE3F231B2B6408510003937E /* AppDelegate.m */ = {isa = PBXFileReference; lastKnownFileType = sourcecode.c.objc; path = AppDelegate.m; sourceTree = "<group>"; };
		CE3F231D2B6408510003937E /* SceneDelegate.h */ = {isa = PBXFileReference; lastKnownFileType = sourcecode.c.h; path = SceneDelegate.h; sourceTree = "<group>"; };
		CE3F231E2B6408510003937E /* SceneDelegate.m */ = {isa = PBXFileReference; lastKnownFileType = sourcecode.c.objc; path = SceneDelegate.m; sourceTree = "<group>"; };
		CE3F23202B6408510003937E /* ViewController.h */ = {isa = PBXFileReference; lastKnownFileType = sourcecode.c.h; path = ViewController.h; sourceTree = "<group>"; };
		CE3F23212B6408510003937E /* ViewController.m */ = {isa = PBXFileReference; lastKnownFileType = sourcecode.c.objc; path = ViewController.m; sourceTree = "<group>"; };
		CE3F23242B6408510003937E /* Base */ = {isa = PBXFileReference; lastKnownFileType = file.storyboard; name = Base; path = Base.lproj/Main.storyboard; sourceTree = "<group>"; };
		CE3F23262B6408920003937E /* Assets.xcassets */ = {isa = PBXFileReference; lastKnownFileType = folder.assetcatalog; path = Assets.xcassets; sourceTree = "<group>"; };
		CE3F23292B6408920003937E /* Base */ = {isa = PBXFileReference; lastKnownFileType = file.storyboard; name = Base; path = Base.lproj/LaunchScreen.storyboard; sourceTree = "<group>"; };
		CE3F232B2B6408920003937E /* Info.plist */ = {isa = PBXFileReference; lastKnownFileType = text.plist.xml; path = Info.plist; sourceTree = "<group>"; };
		CE3F232C2B6408920003937E /* main.m */ = {isa = PBXFileReference; lastKnownFileType = sourcecode.c.objc; path = main.m; sourceTree = "<group>"; };
		CE3F23342B640C230003937E /* Loader.h */ = {isa = PBXFileReference; lastKnownFileType = sourcecode.c.h; path = Loader.h; sourceTree = "<group>"; };
		CE3F23352B640C230003937E /* Loader.m */ = {isa = PBXFileReference; lastKnownFileType = sourcecode.c.objc; path = Loader.m; sourceTree = "<group>"; };
/* End PBXFileReference section */

/* Begin PBXFrameworksBuildPhase section */
		CE3F23142B6408500003937E /* Frameworks */ = {
			isa = PBXFrameworksBuildPhase;
			buildActionMask = 2147483647;
			files = (
			);
			runOnlyForDeploymentPostprocessing = 0;
		};
/* End PBXFrameworksBuildPhase section */

/* Begin PBXGroup section */
		CE3F230E2B6408500003937E = {
			isa = PBXGroup;
			children = (
				CE3F23192B6408510003937E /* Lesson5 */,
				CE3F23182B6408510003937E /* Products */,
			);
			sourceTree = "<group>";
		};
		CE3F23182B6408510003937E /* Products */ = {
			isa = PBXGroup;
			children = (
				CE3F23172B6408510003937E /* Lesson5.app */,
			);
			name = Products;
			sourceTree = "<group>";
		};
		CE3F23192B6408510003937E /* Lesson5 */ = {
			isa = PBXGroup;
			children = (
				CE3F231A2B6408510003937E /* AppDelegate.h */,
				CE3F23342B640C230003937E /* Loader.h */,
				CE3F23352B640C230003937E /* Loader.m */,
				CE3F231B2B6408510003937E /* AppDelegate.m */,
				CE3F231D2B6408510003937E /* SceneDelegate.h */,
				CE3F231E2B6408510003937E /* SceneDelegate.m */,
				CE3F23232B6408510003937E /* Main.storyboard */,
				CE3F23262B6408920003937E /* Assets.xcassets */,
				CE3F23282B6408920003937E /* LaunchScreen.storyboard */,
				CE3F232B2B6408920003937E /* Info.plist */,
				CE3F232C2B6408920003937E /* main.m */,
				CE3F23202B6408510003937E /* ViewController.h */,
				CE3F23212B6408510003937E /* ViewController.m */,
				9B760AC12B810C290025EC90 /* SecondViewController.h */,
				9B760AC22B810C290025EC90 /* SecondViewController.m */,
			);
			path = Lesson5;
			sourceTree = "<group>";
		};
/* End PBXGroup section */

/* Begin PBXNativeTarget section */
		CE3F23162B6408500003937E /* Lesson5 */ = {
			isa = PBXNativeTarget;
			buildConfigurationList = CE3F23302B6408920003937E /* Build configuration list for PBXNativeTarget "Lesson5" */;
			buildPhases = (
				CE3F23132B6408500003937E /* Sources */,
				CE3F23142B6408500003937E /* Frameworks */,
				CE3F23152B6408500003937E /* Resources */,
			);
			buildRules = (
			);
			dependencies = (
			);
			name = Lesson5;
			productName = Lesson5;
			productReference = CE3F23172B6408510003937E /* Lesson5.app */;
			productType = "com.apple.product-type.application";
		};
/* End PBXNativeTarget section */

/* Begin PBXProject section */
		CE3F230F2B6408500003937E /* Project object */ = {
			isa = PBXProject;
			attributes = {
				BuildIndependentTargetsInParallel = YES;
				LastUpgradeCheck = 1510;
				TargetAttributes = {
					CE3F23162B6408500003937E = {
						CreatedOnToolsVersion = 12.3;
					};
				};
			};
			buildConfigurationList = CE3F23122B6408500003937E /* Build configuration list for PBXProject "Lesson5" */;
			compatibilityVersion = "Xcode 9.3";
			developmentRegion = en;
			hasScannedForEncodings = 0;
			knownRegions = (
				en,
				Base,
			);
			mainGroup = CE3F230E2B6408500003937E;
			productRefGroup = CE3F23182B6408510003937E /* Products */;
			projectDirPath = "";
			projectRoot = "";
			targets = (
				CE3F23162B6408500003937E /* Lesson5 */,
			);
		};
/* End PBXProject section */

/* Begin PBXResourcesBuildPhase section */
		CE3F23152B6408500003937E /* Resources */ = {
			isa = PBXResourcesBuildPhase;
			buildActionMask = 2147483647;
			files = (
				CE3F232A2B6408920003937E /* LaunchScreen.storyboard in Resources */,
				CE3F23272B6408920003937E /* Assets.xcassets in Resources */,
				CE3F23252B6408510003937E /* Main.storyboard in Resources */,
			);
			runOnlyForDeploymentPostprocessing = 0;
		};
/* End PBXResourcesBuildPhase section */

/* Begin PBXSourcesBuildPhase section */
		CE3F23132B6408500003937E /* Sources */ = {
			isa = PBXSourcesBuildPhase;
			buildActionMask = 2147483647;
			files = (
				9B760AC32B810C290025EC90 /* SecondViewController.m in Sources */,
				CE3F23222B6408510003937E /* ViewController.m in Sources */,
				CE3F231C2B6408510003937E /* AppDelegate.m in Sources */,
				CE3F232D2B6408920003937E /* main.m in Sources */,
				CE3F231F2B6408510003937E /* SceneDelegate.m in Sources */,
				CE3F23362B640C230003937E /* Loader.m in Sources */,
			);
			runOnlyForDeploymentPostprocessing = 0;
		};
/* End PBXSourcesBuildPhase section */

/* Begin PBXVariantGroup section */
		CE3F23232B6408510003937E /* Main.storyboard */ = {
			isa = PBXVariantGroup;
			children = (
				CE3F23242B6408510003937E /* Base */,
			);
			name = Main.storyboard;
			sourceTree = "<group>";
		};
		CE3F23282B6408920003937E /* LaunchScreen.storyboard */ = {
			isa = PBXVariantGroup;
			children = (
				CE3F23292B6408920003937E /* Base */,
			);
			name = LaunchScreen.storyboard;
			sourceTree = "<group>";
		};
/* End PBXVariantGroup section */

/* Begin XCBuildConfiguration section */
		CE3F232E2B6408920003937E /* Debug */ = {
			isa = XCBuildConfiguration;
			buildSettings = {
				ALWAYS_SEARCH_USER_PATHS = NO;
				CLANG_ANALYZER_NONNULL = YES;
				CLANG_ANALYZER_NUMBER_OBJECT_CONVERSION = YES_AGGRESSIVE;
				CLANG_CXX_LANGUAGE_STANDARD = "gnu++14";
				CLANG_CXX_LIBRARY = "libc++";
				CLANG_ENABLE_MODULES = YES;
				CLANG_ENABLE_OBJC_ARC = YES;
				CLANG_ENABLE_OBJC_WEAK = YES;
				CLANG_WARN_BLOCK_CAPTURE_AUTORELEASING = YES;
				CLANG_WARN_BOOL_CONVERSION = YES;
				CLANG_WARN_COMMA = YES;
				CLANG_WARN_CONSTANT_CONVERSION = YES;
				CLANG_WARN_DEPRECATED_OBJC_IMPLEMENTATIONS = YES;
				CLANG_WARN_DIRECT_OBJC_ISA_USAGE = YES_ERROR;
				CLANG_WARN_DOCUMENTATION_COMMENTS = YES;
				CLANG_WARN_EMPTY_BODY = YES;
				CLANG_WARN_ENUM_CONVERSION = YES;
				CLANG_WARN_INFINITE_RECURSION = YES;
				CLANG_WARN_INT_CONVERSION = YES;
				CLANG_WARN_NON_LITERAL_NULL_CONVERSION = YES;
				CLANG_WARN_OBJC_IMPLICIT_RETAIN_SELF = YES;
				CLANG_WARN_OBJC_LITERAL_CONVERSION = YES;
				CLANG_WARN_OBJC_ROOT_CLASS = YES_ERROR;
				CLANG_WARN_QUOTED_INCLUDE_IN_FRAMEWORK_HEADER = YES;
				CLANG_WARN_RANGE_LOOP_ANALYSIS = YES;
				CLANG_WARN_STRICT_PROTOTYPES = YES;
				CLANG_WARN_SUSPICIOUS_MOVE = YES;
				CLANG_WARN_UNGUARDED_AVAILABILITY = YES_AGGRESSIVE;
				CLANG_WARN_UNREACHABLE_CODE = YES;
				CLANG_WARN__DUPLICATE_METHOD_MATCH = YES;
				COPY_PHASE_STRIP = NO;
				DEBUG_INFORMATION_FORMAT = dwarf;
				ENABLE_STRICT_OBJC_MSGSEND = YES;
				ENABLE_TESTABILITY = YES;
				ENABLE_USER_SCRIPT_SANDBOXING = YES;
				GCC_C_LANGUAGE_STANDARD = gnu11;
				GCC_DYNAMIC_NO_PIC = NO;
				GCC_NO_COMMON_BLOCKS = YES;
				GCC_OPTIMIZATION_LEVEL = 0;
				GCC_PREPROCESSOR_DEFINITIONS = (
					"DEBUG=1",
					"$(inherited)",
				);
				GCC_WARN_64_TO_32_BIT_CONVERSION = YES;
				GCC_WARN_ABOUT_RETURN_TYPE = YES_ERROR;
				GCC_WARN_UNDECLARED_SELECTOR = YES;
				GCC_WARN_UNINITIALIZED_AUTOS = YES_AGGRESSIVE;
				GCC_WARN_UNUSED_FUNCTION = YES;
				GCC_WARN_UNUSED_VARIABLE = YES;
				IPHONEOS_DEPLOYMENT_TARGET = 14.3;
				MTL_ENABLE_DEBUG_INFO = INCLUDE_SOURCE;
				MTL_FAST_MATH = YES;
				ONLY_ACTIVE_ARCH = YES;
				SDKROOT = iphoneos;
			};
			name = Debug;
		};
		CE3F232F2B6408920003937E /* Release */ = {
			isa = XCBuildConfiguration;
			buildSettings = {
				ALWAYS_SEARCH_USER_PATHS = NO;
				CLANG_ANALYZER_NONNULL = YES;
				CLANG_ANALYZER_NUMBER_OBJECT_CONVERSION = YES_AGGRESSIVE;
				CLANG_CXX_LANGUAGE_STANDARD = "gnu++14";
				CLANG_CXX_LIBRARY = "libc++";
				CLANG_ENABLE_MODULES = YES;
				CLANG_ENABLE_OBJC_ARC = YES;
				CLANG_ENABLE_OBJC_WEAK = YES;
				CLANG_WARN_BLOCK_CAPTURE_AUTORELEASING = YES;
				CLANG_WARN_BOOL_CONVERSION = YES;
				CLANG_WARN_COMMA = YES;
				CLANG_WARN_CONSTANT_CONVERSION = YES;
				CLANG_WARN_DEPRECATED_OBJC_IMPLEMENTATIONS = YES;
				CLANG_WARN_DIRECT_OBJC_ISA_USAGE = YES_ERROR;
				CLANG_WARN_DOCUMENTATION_COMMENTS = YES;
				CLANG_WARN_EMPTY_BODY = YES;
				CLANG_WARN_ENUM_CONVERSION = YES;
				CLANG_WARN_INFINITE_RECURSION = YES;
				CLANG_WARN_INT_CONVERSION = YES;
				CLANG_WARN_NON_LITERAL_NULL_CONVERSION = YES;
				CLANG_WARN_OBJC_IMPLICIT_RETAIN_SELF = YES;
				CLANG_WARN_OBJC_LITERAL_CONVERSION = YES;
				CLANG_WARN_OBJC_ROOT_CLASS = YES_ERROR;
				CLANG_WARN_QUOTED_INCLUDE_IN_FRAMEWORK_HEADER = YES;
				CLANG_WARN_RANGE_LOOP_ANALYSIS = YES;
				CLANG_WARN_STRICT_PROTOTYPES = YES;
				CLANG_WARN_SUSPICIOUS_MOVE = YES;
				CLANG_WARN_UNGUARDED_AVAILABILITY = YES_AGGRESSIVE;
				CLANG_WARN_UNREACHABLE_CODE = YES;
				CLANG_WARN__DUPLICATE_METHOD_MATCH = YES;
				COPY_PHASE_STRIP = NO;
				DEBUG_INFORMATION_FORMAT = "dwarf-with-dsym";
				ENABLE_NS_ASSERTIONS = NO;
				ENABLE_STRICT_OBJC_MSGSEND = YES;
				ENABLE_USER_SCRIPT_SANDBOXING = YES;
				GCC_C_LANGUAGE_STANDARD = gnu11;
				GCC_NO_COMMON_BLOCKS = YES;
				GCC_WARN_64_TO_32_BIT_CONVERSION = YES;
				GCC_WARN_ABOUT_RETURN_TYPE = YES_ERROR;
				GCC_WARN_UNDECLARED_SELECTOR = YES;
				GCC_WARN_UNINITIALIZED_AUTOS = YES_AGGRESSIVE;
				GCC_WARN_UNUSED_FUNCTION = YES;
				GCC_WARN_UNUSED_VARIABLE = YES;
				IPHONEOS_DEPLOYMENT_TARGET = 14.3;
				MTL_ENABLE_DEBUG_INFO = NO;
				MTL_FAST_MATH = YES;
				SDKROOT = iphoneos;
				VALIDATE_PRODUCT = YES;
			};
			name = Release;
		};
		CE3F23312B6408920003937E /* Debug */ = {
			isa = XCBuildConfiguration;
			buildSettings = {
				ASSETCATALOG_COMPILER_APPICON_NAME = AppIcon;
				ASSETCATALOG_COMPILER_GLOBAL_ACCENT_COLOR_NAME = AccentColor;
				CODE_SIGN_STYLE = Automatic;
				DEVELOPMENT_TEAM = N3Z5Q3V42W;
				INFOPLIST_FILE = Lesson5/Info.plist;
				LD_RUNPATH_SEARCH_PATHS = (
					"$(inherited)",
					"@executable_path/Frameworks",
				);
				PRODUCT_BUNDLE_IDENTIFIER = ObjC.Lesson5;
				PRODUCT_NAME = "$(TARGET_NAME)";
				TARGETED_DEVICE_FAMILY = "1,2";
			};
			name = Debug;
		};
		CE3F23322B6408920003937E /* Release */ = {
			isa = XCBuildConfiguration;
			buildSettings = {
				ASSETCATALOG_COMPILER_APPICON_NAME = AppIcon;
				ASSETCATALOG_COMPILER_GLOBAL_ACCENT_COLOR_NAME = AccentColor;
				CODE_SIGN_STYLE = Automatic;
				DEVELOPMENT_TEAM = N3Z5Q3V42W;
				INFOPLIST_FILE = Lesson5/Info.plist;
				LD_RUNPATH_SEARCH_PATHS = (
					"$(inherited)",
					"@executable_path/Frameworks",
				);
				PRODUCT_BUNDLE_IDENTIFIER = ObjC.Lesson5;
				PRODUCT_NAME = "$(TARGET_NAME)";
				TARGETED_DEVICE_FAMILY = "1,2";
			};
			name = Release;
		};
/* End XCBuildConfiguration section */

/* Begin XCConfigurationList section */
		CE3F23122B6408500003937E /* Build configuration list for PBXProject "Lesson5" */ = {
			isa = XCConfigurationList;
			buildConfigurations = (
				CE3F232E2B6408920003937E /* Debug */,
				CE3F232F2B6408920003937E /* Release */,
			);
			defaultConfigurationIsVisible = 0;
			defaultConfigurationName = Release;
		};
		CE3F23302B6408920003937E /* Build configuration list for PBXNativeTarget "Lesson5" */ = {
			isa = XCConfigurationList;
			buildConfigurations = (
				CE3F23312B6408920003937E /* Debug */,
				CE3F23322B6408920003937E /* Release */,
			);
			defaultConfigurationIsVisible = 0;
			defaultConfigurationName = Release;
		};
/* End XCConfigurationList section */
	};
	rootObject = CE3F230F2B6408500003937E /* Project object */;
}
